<Solution>
  <Folder Name="/Solution Items/">
    <File Path="Directory.Build.props" />
    <File Path=".editorconfig" />
  </Folder>
  <Folder Name="/Solution Items/Workflows/">
    <File Path="../.github/workflows/deploy.yml" />
    <File Path="../.github/workflows/make_book.yml" />
  </Folder>
  <Project Path="generator/generator.csproj" />
  <Project Path="templates/templates.csproj" />
  <Project Path="utils/utils.csproj" Id="a84489a3-d5e2-4908-b1a4-6947fab586d4" />
</Solution>
